
Microsoft Visual Studio Solution File, Format Version 11.00
# Visual Studio 2010
Project("{FAE04EC0-301F-11D3-BF4B-00C04F79EFBC}") = "Assignment3", "Assembly-CSharp.csproj", "{B9AB7813-E8FD-02B8-5772-AD61751CDDB1}"
EndProject
Project("{FAE04EC0-301F-11D3-BF4B-00C04F79EFBC}") = "Assignment3", "Assembly-CSharp-firstpass.csproj", "{F50D19A6-3E9D-99B5-63E7-C8877F1BD475}"
EndProject
Project("{FAE04EC0-301F-11D3-BF4B-00C04F79EFBC}") = "Assignment3", "Assembly-CSharp-Editor.csproj", "{A7E70D26-ED59-55FE-021C-CAB0F161543D}"
EndProject
Project("{FAE04EC0-301F-11D3-BF4B-00C04F79EFBC}") = "Assignment3", "Assembly-CSharp-Editor-firstpass.csproj", "{8677C819-8315-4D73-FF3F-BB869B59B714}"
EndProject
Global
	GlobalSection(SolutionConfigurationPlatforms) = preSolution
		Debug|Any CPU = Debug|Any CPU
		Release|Any CPU = Release|Any CPU
	EndGlobalSection
	GlobalSection(ProjectConfigurationPlatforms) = postSolution
		{B9AB7813-E8FD-02B8-5772-AD61751CDDB1}.Debug|Any CPU.ActiveCfg = Debug|Any CPU
		{B9AB7813-E8FD-02B8-5772-AD61751CDDB1}.Debug|Any CPU.Build.0 = Debug|Any CPU
		{B9AB7813-E8FD-02B8-5772-AD61751CDDB1}.Release|Any CPU.ActiveCfg = Release|Any CPU
		{B9AB7813-E8FD-02B8-5772-AD61751CDDB1}.Release|Any CPU.Build.0 = Release|Any CPU
		{F50D19A6-3E9D-99B5-63E7-C8877F1BD475}.Debug|Any CPU.ActiveCfg = Debug|Any CPU
		{F50D19A6-3E9D-99B5-63E7-C8877F1BD475}.Debug|Any CPU.Build.0 = Debug|Any CPU
		{F50D19A6-3E9D-99B5-63E7-C8877F1BD475}.Release|Any CPU.ActiveCfg = Release|Any CPU
		{F50D19A6-3E9D-99B5-63E7-C8877F1BD475}.Release|Any CPU.Build.0 = Release|Any CPU
		{A7E70D26-ED59-55FE-021C-CAB0F161543D}.Debug|Any CPU.ActiveCfg = Debug|Any CPU
		{A7E70D26-ED59-55FE-021C-CAB0F161543D}.Debug|Any CPU.Build.0 = Debug|Any CPU
		{A7E70D26-ED59-55FE-021C-CAB0F161543D}.Release|Any CPU.ActiveCfg = Release|Any CPU
		{A7E70D26-ED59-55FE-021C-CAB0F161543D}.Release|Any CPU.Build.0 = Release|Any CPU
		{8677C819-8315-4D73-FF3F-BB869B59B714}.Debug|Any CPU.ActiveCfg = Debug|Any CPU
		{8677C819-8315-4D73-FF3F-BB869B59B714}.Debug|Any CPU.Build.0 = Debug|Any CPU
		{8677C819-8315-4D73-FF3F-BB869B59B714}.Release|Any CPU.ActiveCfg = Release|Any CPU
		{8677C819-8315-4D73-FF3F-BB869B59B714}.Release|Any CPU.Build.0 = Release|Any CPU
	EndGlobalSection
	GlobalSection(SolutionProperties) = preSolution
		HideSolutionNode = FALSE
	EndGlobalSection
	GlobalSection(MonoDevelopProperties) = preSolution
		StartupItem = Assembly-CSharp.csproj
	EndGlobalSection
EndGlobal
